
Microsoft Visual Studio Solution File, Format Version 12.00
# Visual Studio 15
Project("{FAE04EC0-301F-11D3-BF4B-00C04F79EFBC}") = "MarvelHeroes.Android", "MarvelHeroes.Android\MarvelHeroes.Android.csproj", "{AFE1DFFF-D3E8-4DC8-A309-55C5001B0282}"
EndProject
Project("{FAE04EC0-301F-11D3-BF4B-00C04F79EFBC}") = "MarvelHeroes.iOS", "MarvelHeroes.iOS\MarvelHeroes.iOS.csproj", "{CA071A31-9178-4EB7-BB07-072FC85CD9CF}"
EndProject
Project("{FAE04EC0-301F-11D3-BF4B-00C04F79EFBC}") = "MarvelHeroes", "MarvelHeroes\MarvelHeroes.csproj", "{13B726A7-5B61-42C6-9E50-C8F4AEC6C813}"
EndProject
Global
	GlobalSection(SolutionConfigurationPlatforms) = preSolution
		Debug|Any CPU = Debug|Any CPU
		Release|Any CPU = Release|Any CPU
		Debug|iPhoneSimulator = Debug|iPhoneSimulator
		Release|iPhoneSimulator = Release|iPhoneSimulator
		Debug|iPhone = Debug|iPhone
		Release|iPhone = Release|iPhone
	EndGlobalSection
	GlobalSection(ProjectConfigurationPlatforms) = postSolution
		{AFE1DFFF-D3E8-4DC8-A309-55C5001B0282}.Debug|Any CPU.ActiveCfg = Debug|Any CPU
		{AFE1DFFF-D3E8-4DC8-A309-55C5001B0282}.Debug|Any CPU.Build.0 = Debug|Any CPU
		{AFE1DFFF-D3E8-4DC8-A309-55C5001B0282}.Release|Any CPU.ActiveCfg = Release|Any CPU
		{AFE1DFFF-D3E8-4DC8-A309-55C5001B0282}.Release|Any CPU.Build.0 = Release|Any CPU
		{AFE1DFFF-D3E8-4DC8-A309-55C5001B0282}.Debug|iPhoneSimulator.ActiveCfg = Debug|Any CPU
		{AFE1DFFF-D3E8-4DC8-A309-55C5001B0282}.Debug|iPhoneSimulator.Build.0 = Debug|Any CPU
		{AFE1DFFF-D3E8-4DC8-A309-55C5001B0282}.Release|iPhoneSimulator.ActiveCfg = Release|Any CPU
		{AFE1DFFF-D3E8-4DC8-A309-55C5001B0282}.Release|iPhoneSimulator.Build.0 = Release|Any CPU
		{AFE1DFFF-D3E8-4DC8-A309-55C5001B0282}.Debug|iPhone.ActiveCfg = Debug|Any CPU
		{AFE1DFFF-D3E8-4DC8-A309-55C5001B0282}.Debug|iPhone.Build.0 = Debug|Any CPU
		{AFE1DFFF-D3E8-4DC8-A309-55C5001B0282}.Release|iPhone.ActiveCfg = Release|Any CPU
		{AFE1DFFF-D3E8-4DC8-A309-55C5001B0282}.Release|iPhone.Build.0 = Release|Any CPU
		{CA071A31-9178-4EB7-BB07-072FC85CD9CF}.Debug|Any CPU.ActiveCfg = Debug|iPhoneSimulator
		{CA071A31-9178-4EB7-BB07-072FC85CD9CF}.Debug|Any CPU.Build.0 = Debug|iPhoneSimulator
		{CA071A31-9178-4EB7-BB07-072FC85CD9CF}.Release|Any CPU.ActiveCfg = Release|iPhoneSimulator
		{CA071A31-9178-4EB7-BB07-072FC85CD9CF}.Release|Any CPU.Build.0 = Release|iPhoneSimulator
		{CA071A31-9178-4EB7-BB07-072FC85CD9CF}.Debug|iPhoneSimulator.ActiveCfg = Debug|iPhoneSimulator
		{CA071A31-9178-4EB7-BB07-072FC85CD9CF}.Debug|iPhoneSimulator.Build.0 = Debug|iPhoneSimulator
		{CA071A31-9178-4EB7-BB07-072FC85CD9CF}.Release|iPhoneSimulator.ActiveCfg = Release|iPhoneSimulator
		{CA071A31-9178-4EB7-BB07-072FC85CD9CF}.Release|iPhoneSimulator.Build.0 = Release|iPhoneSimulator
		{CA071A31-9178-4EB7-BB07-072FC85CD9CF}.Debug|iPhone.ActiveCfg = Debug|iPhone
		{CA071A31-9178-4EB7-BB07-072FC85CD9CF}.Debug|iPhone.Build.0 = Debug|iPhone
		{CA071A31-9178-4EB7-BB07-072FC85CD9CF}.Release|iPhone.ActiveCfg = Release|iPhone
		{CA071A31-9178-4EB7-BB07-072FC85CD9CF}.Release|iPhone.Build.0 = Release|iPhone
		{13B726A7-5B61-42C6-9E50-C8F4AEC6C813}.Debug|Any CPU.ActiveCfg = Debug|Any CPU
		{13B726A7-5B61-42C6-9E50-C8F4AEC6C813}.Debug|Any CPU.Build.0 = Debug|Any CPU
		{13B726A7-5B61-42C6-9E50-C8F4AEC6C813}.Release|Any CPU.ActiveCfg = Release|Any CPU
		{13B726A7-5B61-42C6-9E50-C8F4AEC6C813}.Release|Any CPU.Build.0 = Release|Any CPU
		{13B726A7-5B61-42C6-9E50-C8F4AEC6C813}.Debug|iPhoneSimulator.ActiveCfg = Debug|Any CPU
		{13B726A7-5B61-42C6-9E50-C8F4AEC6C813}.Debug|iPhoneSimulator.Build.0 = Debug|Any CPU
		{13B726A7-5B61-42C6-9E50-C8F4AEC6C813}.Release|iPhoneSimulator.ActiveCfg = Release|Any CPU
		{13B726A7-5B61-42C6-9E50-C8F4AEC6C813}.Release|iPhoneSimulator.Build.0 = Release|Any CPU
		{13B726A7-5B61-42C6-9E50-C8F4AEC6C813}.Debug|iPhone.ActiveCfg = Debug|Any CPU
		{13B726A7-5B61-42C6-9E50-C8F4AEC6C813}.Debug|iPhone.Build.0 = Debug|Any CPU
		{13B726A7-5B61-42C6-9E50-C8F4AEC6C813}.Release|iPhone.ActiveCfg = Release|Any CPU
		{13B726A7-5B61-42C6-9E50-C8F4AEC6C813}.Release|iPhone.Build.0 = Release|Any CPU
	EndGlobalSection
EndGlobal
